
Microsoft Visual Studio Solution File, Format Version 12.00
# Visual Studio Version 16
VisualStudioVersion = 16.0.31515.178
MinimumVisualStudioVersion = 10.0.40219.1
Project("{FAE04EC0-301F-11D3-BF4B-00C04F79EFBC}") = "ibnktool", "ibnktool.csproj", "{DB7A548B-D4F5-43AC-9007-7843C557C0F1}"
EndProject
Global
	GlobalSection(SolutionConfigurationPlatforms) = preSolution
		Debug|Any CPU = Debug|Any CPU
		Release|Any CPU = Release|Any CPU
	EndGlobalSection
	GlobalSection(ProjectConfigurationPlatforms) = postSolution
		{DB7A548B-D4F5-43AC-9007-7843C557C0F1}.Debug|Any CPU.ActiveCfg = Debug|Any CPU
		{DB7A548B-D4F5-43AC-9007-7843C557C0F1}.Debug|Any CPU.Build.0 = Debug|Any CPU
		{DB7A548B-D4F5-43AC-9007-7843C557C0F1}.Release|Any CPU.ActiveCfg = Release|Any CPU
		{DB7A548B-D4F5-43AC-9007-7843C557C0F1}.Release|Any CPU.Build.0 = Release|Any CPU
	EndGlobalSection
	GlobalSection(SolutionProperties) = preSolution
		HideSolutionNode = FALSE
	EndGlobalSection
	GlobalSection(ExtensibilityGlobals) = postSolution
		SolutionGuid = {4A3D2F7A-463C-4290-91F2-77B9989894EE}
	EndGlobalSection
EndGlobal
